
Microsoft Visual Studio Solution File, Format Version 12.00
# Visual Studio Version 17
VisualStudioVersion = 17.2.32630.192
MinimumVisualStudioVersion = 10.0.40219.1
Project("{FAE04EC0-301F-11D3-BF4B-00C04F79EFBC}") = "WpfApp1", "WpfApp1\WpfApp1.csproj", "{7C089A5C-215A-4C13-BCA6-5EE2192AE1A7}"
EndProject
Global
	GlobalSection(SolutionConfigurationPlatforms) = preSolution
		Debug|Any CPU = Debug|Any CPU
		Release|Any CPU = Release|Any CPU
	EndGlobalSection
	GlobalSection(ProjectConfigurationPlatforms) = postSolution
		{7C089A5C-215A-4C13-BCA6-5EE2192AE1A7}.Debug|Any CPU.ActiveCfg = Debug|Any CPU
		{7C089A5C-215A-4C13-BCA6-5EE2192AE1A7}.Debug|Any CPU.Build.0 = Debug|Any CPU
		{7C089A5C-215A-4C13-BCA6-5EE2192AE1A7}.Release|Any CPU.ActiveCfg = Release|Any CPU
		{7C089A5C-215A-4C13-BCA6-5EE2192AE1A7}.Release|Any CPU.Build.0 = Release|Any CPU
	EndGlobalSection
	GlobalSection(SolutionProperties) = preSolution
		HideSolutionNode = FALSE
	EndGlobalSection
	GlobalSection(ExtensibilityGlobals) = postSolution
		SolutionGuid = {ED501DA6-5870-4A6C-BDB3-1AF667E28E3F}
	EndGlobalSection
EndGlobal
